// !$*UTF8*$!
{
	archiveVersion = 1;
	classes = {
	};
	objectVersion = 50;
	objects = {

/* Begin PBXBuildFile section */
		4C0969FB25E7D78A0054DC33 /* EntityString.swift in Sources */ = {isa = PBXBuildFile; fileRef = 4C0969FA25E7D78A0054DC33 /* EntityString.swift */; };
		4C096A1225E8BB1B0054DC33 /* DataModel.swift in Sources */ = {isa = PBXBuildFile; fileRef = 4C096A1125E8BB1B0054DC33 /* DataModel.swift */; };
		8280AFD425DA6ED6004EA888 /* NoteTableViewController.swift in Sources */ = {isa = PBXBuildFile; fileRef = 8280AFD325DA6ED6004EA888 /* NoteTableViewController.swift */; };
		8280AFDC25DA893B004EA888 /* NoteTableViewCell.swift in Sources */ = {isa = PBXBuildFile; fileRef = 8280AFDB25DA893B004EA888 /* NoteTableViewCell.swift */; };
		82897EF925DB86B400433BA7 /* Extension.swift in Sources */ = {isa = PBXBuildFile; fileRef = 82897EF825DB86B400433BA7 /* Extension.swift */; };
		82EEF6DF25DF8E14001CD667 /* NoteSplitViewController.swift in Sources */ = {isa = PBXBuildFile; fileRef = 82EEF6DE25DF8E14001CD667 /* NoteSplitViewController.swift */; };
		82EEF6E425DF9002001CD667 /* DetailViewController.swift in Sources */ = {isa = PBXBuildFile; fileRef = 82EEF6E325DF9002001CD667 /* DetailViewController.swift */; };
		82EEF6EF25DFBDC8001CD667 /* ErrorCase.swift in Sources */ = {isa = PBXBuildFile; fileRef = 82EEF6EE25DFBDC8001CD667 /* ErrorCase.swift */; };
		82EEF6F425DFBFF0001CD667 /* NoteString.swift in Sources */ = {isa = PBXBuildFile; fileRef = 82EEF6F325DFBFF0001CD667 /* NoteString.swift */; };
		C7481C6E25BBCF3900B9CA55 /* AppDelegate.swift in Sources */ = {isa = PBXBuildFile; fileRef = C7481C6D25BBCF3900B9CA55 /* AppDelegate.swift */; };
		C7481C7025BBCF3900B9CA55 /* SceneDelegate.swift in Sources */ = {isa = PBXBuildFile; fileRef = C7481C6F25BBCF3900B9CA55 /* SceneDelegate.swift */; };
		C7481C7825BBCF3900B9CA55 /* CloudNotes.xcdatamodeld in Sources */ = {isa = PBXBuildFile; fileRef = C7481C7625BBCF3900B9CA55 /* CloudNotes.xcdatamodeld */; };
		C7481C7A25BBCF3A00B9CA55 /* Assets.xcassets in Resources */ = {isa = PBXBuildFile; fileRef = C7481C7925BBCF3A00B9CA55 /* Assets.xcassets */; };
		C7481C7D25BBCF3A00B9CA55 /* LaunchScreen.storyboard in Resources */ = {isa = PBXBuildFile; fileRef = C7481C7B25BBCF3A00B9CA55 /* LaunchScreen.storyboard */; };
		C7481C8825BBCF3A00B9CA55 /* CloudNotesTests.swift in Sources */ = {isa = PBXBuildFile; fileRef = C7481C8725BBCF3A00B9CA55 /* CloudNotesTests.swift */; };
		C7481C9325BBCF3A00B9CA55 /* CloudNotesUITests.swift in Sources */ = {isa = PBXBuildFile; fileRef = C7481C9225BBCF3A00B9CA55 /* CloudNotesUITests.swift */; };
/* End PBXBuildFile section */

/* Begin PBXContainerItemProxy section */
		C7481C8425BBCF3A00B9CA55 /* PBXContainerItemProxy */ = {
			isa = PBXContainerItemProxy;
			containerPortal = C7481C6225BBCF3900B9CA55 /* Project object */;
			proxyType = 1;
			remoteGlobalIDString = C7481C6925BBCF3900B9CA55;
			remoteInfo = CloudNotes;
		};
		C7481C8F25BBCF3A00B9CA55 /* PBXContainerItemProxy */ = {
			isa = PBXContainerItemProxy;
			containerPortal = C7481C6225BBCF3900B9CA55 /* Project object */;
			proxyType = 1;
			remoteGlobalIDString = C7481C6925BBCF3900B9CA55;
			remoteInfo = CloudNotes;
		};
/* End PBXContainerItemProxy section */

/* Begin PBXFileReference section */
		4C0969FA25E7D78A0054DC33 /* EntityString.swift */ = {isa = PBXFileReference; lastKnownFileType = sourcecode.swift; path = EntityString.swift; sourceTree = "<group>"; };
		4C096A1125E8BB1B0054DC33 /* DataModel.swift */ = {isa = PBXFileReference; lastKnownFileType = sourcecode.swift; path = DataModel.swift; sourceTree = "<group>"; };
		4C096A1F25EA690B0054DC33 /* ko */ = {isa = PBXFileReference; lastKnownFileType = text.plist.strings; name = ko; path = ko.lproj/LaunchScreen.strings; sourceTree = "<group>"; };
		8280AFD325DA6ED6004EA888 /* NoteTableViewController.swift */ = {isa = PBXFileReference; lastKnownFileType = sourcecode.swift; path = NoteTableViewController.swift; sourceTree = "<group>"; };
		8280AFDB25DA893B004EA888 /* NoteTableViewCell.swift */ = {isa = PBXFileReference; lastKnownFileType = sourcecode.swift; path = NoteTableViewCell.swift; sourceTree = "<group>"; };
		82897EF825DB86B400433BA7 /* Extension.swift */ = {isa = PBXFileReference; lastKnownFileType = sourcecode.swift; path = Extension.swift; sourceTree = "<group>"; };
		82EEF6DE25DF8E14001CD667 /* NoteSplitViewController.swift */ = {isa = PBXFileReference; lastKnownFileType = sourcecode.swift; path = NoteSplitViewController.swift; sourceTree = "<group>"; };
		82EEF6E325DF9002001CD667 /* DetailViewController.swift */ = {isa = PBXFileReference; lastKnownFileType = sourcecode.swift; path = DetailViewController.swift; sourceTree = "<group>"; };
		82EEF6EE25DFBDC8001CD667 /* ErrorCase.swift */ = {isa = PBXFileReference; lastKnownFileType = sourcecode.swift; path = ErrorCase.swift; sourceTree = "<group>"; };
		82EEF6F325DFBFF0001CD667 /* NoteString.swift */ = {isa = PBXFileReference; lastKnownFileType = sourcecode.swift; path = NoteString.swift; sourceTree = "<group>"; };
		C7481C6A25BBCF3900B9CA55 /* CloudNotes.app */ = {isa = PBXFileReference; explicitFileType = wrapper.application; includeInIndex = 0; path = CloudNotes.app; sourceTree = BUILT_PRODUCTS_DIR; };
		C7481C6D25BBCF3900B9CA55 /* AppDelegate.swift */ = {isa = PBXFileReference; lastKnownFileType = sourcecode.swift; path = AppDelegate.swift; sourceTree = "<group>"; };
		C7481C6F25BBCF3900B9CA55 /* SceneDelegate.swift */ = {isa = PBXFileReference; lastKnownFileType = sourcecode.swift; path = SceneDelegate.swift; sourceTree = "<group>"; };
		C7481C7725BBCF3900B9CA55 /* CloudNotes.xcdatamodel */ = {isa = PBXFileReference; lastKnownFileType = wrapper.xcdatamodel; path = CloudNotes.xcdatamodel; sourceTree = "<group>"; };
		C7481C7925BBCF3A00B9CA55 /* Assets.xcassets */ = {isa = PBXFileReference; lastKnownFileType = folder.assetcatalog; path = Assets.xcassets; sourceTree = "<group>"; };
		C7481C7C25BBCF3A00B9CA55 /* Base */ = {isa = PBXFileReference; lastKnownFileType = file.storyboard; name = Base; path = Base.lproj/LaunchScreen.storyboard; sourceTree = "<group>"; };
		C7481C7E25BBCF3A00B9CA55 /* Info.plist */ = {isa = PBXFileReference; lastKnownFileType = text.plist.xml; path = Info.plist; sourceTree = "<group>"; };
		C7481C8325BBCF3A00B9CA55 /* CloudNotesTests.xctest */ = {isa = PBXFileReference; explicitFileType = wrapper.cfbundle; includeInIndex = 0; path = CloudNotesTests.xctest; sourceTree = BUILT_PRODUCTS_DIR; };
		C7481C8725BBCF3A00B9CA55 /* CloudNotesTests.swift */ = {isa = PBXFileReference; lastKnownFileType = sourcecode.swift; path = CloudNotesTests.swift; sourceTree = "<group>"; };
		C7481C8925BBCF3A00B9CA55 /* Info.plist */ = {isa = PBXFileReference; lastKnownFileType = text.plist.xml; path = Info.plist; sourceTree = "<group>"; };
		C7481C8E25BBCF3A00B9CA55 /* CloudNotesUITests.xctest */ = {isa = PBXFileReference; explicitFileType = wrapper.cfbundle; includeInIndex = 0; path = CloudNotesUITests.xctest; sourceTree = BUILT_PRODUCTS_DIR; };
		C7481C9225BBCF3A00B9CA55 /* CloudNotesUITests.swift */ = {isa = PBXFileReference; lastKnownFileType = sourcecode.swift; path = CloudNotesUITests.swift; sourceTree = "<group>"; };
		C7481C9425BBCF3A00B9CA55 /* Info.plist */ = {isa = PBXFileReference; lastKnownFileType = text.plist.xml; path = Info.plist; sourceTree = "<group>"; };
/* End PBXFileReference section */

/* Begin PBXFrameworksBuildPhase section */
		C7481C6725BBCF3900B9CA55 /* Frameworks */ = {
			isa = PBXFrameworksBuildPhase;
			buildActionMask = 2147483647;
			files = (
			);
			runOnlyForDeploymentPostprocessing = 0;
		};
		C7481C8025BBCF3A00B9CA55 /* Frameworks */ = {
			isa = PBXFrameworksBuildPhase;
			buildActionMask = 2147483647;
			files = (
			);
			runOnlyForDeploymentPostprocessing = 0;
		};
		C7481C8B25BBCF3A00B9CA55 /* Frameworks */ = {
			isa = PBXFrameworksBuildPhase;
			buildActionMask = 2147483647;
			files = (
			);
			runOnlyForDeploymentPostprocessing = 0;
		};
/* End PBXFrameworksBuildPhase section */

/* Begin PBXGroup section */
		4C096A1025E8BB0D0054DC33 /* Model */ = {
			isa = PBXGroup;
			children = (
				4C096A1125E8BB1B0054DC33 /* DataModel.swift */,
				C7481C7625BBCF3900B9CA55 /* CloudNotes.xcdatamodeld */,
			);
			path = Model;
			sourceTree = "<group>";
		};
		4C86026025EAADC6004E99DE /* Error */ = {
			isa = PBXGroup;
			children = (
				82EEF6EE25DFBDC8001CD667 /* ErrorCase.swift */,
			);
			path = Error;
			sourceTree = "<group>";
		};
		4C86026125EAADDD004E99DE /* String */ = {
			isa = PBXGroup;
			children = (
				4C0969FA25E7D78A0054DC33 /* EntityString.swift */,
				82EEF6F325DFBFF0001CD667 /* NoteString.swift */,
			);
			path = String;
			sourceTree = "<group>";
		};
		4C86026525EAB0A7004E99DE /* Supporting Files */ = {
			isa = PBXGroup;
			children = (
				C7481C6D25BBCF3900B9CA55 /* AppDelegate.swift */,
				C7481C6F25BBCF3900B9CA55 /* SceneDelegate.swift */,
				C7481C7E25BBCF3A00B9CA55 /* Info.plist */,
				C7481C7925BBCF3A00B9CA55 /* Assets.xcassets */,
			);
			path = "Supporting Files";
			sourceTree = "<group>";
		};
		4C86026625EAB0D5004E99DE /* Extension */ = {
			isa = PBXGroup;
			children = (
				82897EF825DB86B400433BA7 /* Extension.swift */,
			);
			path = Extension;
			sourceTree = "<group>";
		};
		8280AFD225DA6EAF004EA888 /* Controller */ = {
			isa = PBXGroup;
			children = (
				82EEF6DE25DF8E14001CD667 /* NoteSplitViewController.swift */,
				8280AFD325DA6ED6004EA888 /* NoteTableViewController.swift */,
				82EEF6E325DF9002001CD667 /* DetailViewController.swift */,
				8280AFE025DA893E004EA888 /* Cell */,
			);
			path = Controller;
			sourceTree = "<group>";
		};
		8280AFE025DA893E004EA888 /* Cell */ = {
			isa = PBXGroup;
			children = (
				8280AFDB25DA893B004EA888 /* NoteTableViewCell.swift */,
			);
			path = Cell;
			sourceTree = "<group>";
		};
		C7481C6125BBCF3900B9CA55 = {
			isa = PBXGroup;
			children = (
				C7481C6C25BBCF3900B9CA55 /* CloudNotes */,
				C7481C8625BBCF3A00B9CA55 /* CloudNotesTests */,
				C7481C9125BBCF3A00B9CA55 /* CloudNotesUITests */,
				C7481C6B25BBCF3900B9CA55 /* Products */,
			);
			sourceTree = "<group>";
		};
		C7481C6B25BBCF3900B9CA55 /* Products */ = {
			isa = PBXGroup;
			children = (
				C7481C6A25BBCF3900B9CA55 /* CloudNotes.app */,
				C7481C8325BBCF3A00B9CA55 /* CloudNotesTests.xctest */,
				C7481C8E25BBCF3A00B9CA55 /* CloudNotesUITests.xctest */,
			);
			name = Products;
			sourceTree = "<group>";
		};
		C7481C6C25BBCF3900B9CA55 /* CloudNotes */ = {
			isa = PBXGroup;
			children = (
				4C096A1025E8BB0D0054DC33 /* Model */,
				8280AFD225DA6EAF004EA888 /* Controller */,
				4C86026625EAB0D5004E99DE /* Extension */,
				4C86026125EAADDD004E99DE /* String */,
				4C86026025EAADC6004E99DE /* Error */,
				4C86026525EAB0A7004E99DE /* Supporting Files */,
				C7481C7B25BBCF3A00B9CA55 /* LaunchScreen.storyboard */,
			);
			path = CloudNotes;
			sourceTree = "<group>";
		};
		C7481C8625BBCF3A00B9CA55 /* CloudNotesTests */ = {
			isa = PBXGroup;
			children = (
				C7481C8725BBCF3A00B9CA55 /* CloudNotesTests.swift */,
				C7481C8925BBCF3A00B9CA55 /* Info.plist */,
			);
			path = CloudNotesTests;
			sourceTree = "<group>";
		};
		C7481C9125BBCF3A00B9CA55 /* CloudNotesUITests */ = {
			isa = PBXGroup;
			children = (
				C7481C9225BBCF3A00B9CA55 /* CloudNotesUITests.swift */,
				C7481C9425BBCF3A00B9CA55 /* Info.plist */,
			);
			path = CloudNotesUITests;
			sourceTree = "<group>";
		};
/* End PBXGroup section */

/* Begin PBXNativeTarget section */
		C7481C6925BBCF3900B9CA55 /* CloudNotes */ = {
			isa = PBXNativeTarget;
			buildConfigurationList = C7481C9725BBCF3A00B9CA55 /* Build configuration list for PBXNativeTarget "CloudNotes" */;
			buildPhases = (
				C7481C6625BBCF3900B9CA55 /* Sources */,
				C7481C6725BBCF3900B9CA55 /* Frameworks */,
				C7481C6825BBCF3900B9CA55 /* Resources */,
			);
			buildRules = (
			);
			dependencies = (
			);
			name = CloudNotes;
			productName = CloudNotes;
			productReference = C7481C6A25BBCF3900B9CA55 /* CloudNotes.app */;
			productType = "com.apple.product-type.application";
		};
		C7481C8225BBCF3A00B9CA55 /* CloudNotesTests */ = {
			isa = PBXNativeTarget;
			buildConfigurationList = C7481C9A25BBCF3A00B9CA55 /* Build configuration list for PBXNativeTarget "CloudNotesTests" */;
			buildPhases = (
				C7481C7F25BBCF3A00B9CA55 /* Sources */,
				C7481C8025BBCF3A00B9CA55 /* Frameworks */,
				C7481C8125BBCF3A00B9CA55 /* Resources */,
			);
			buildRules = (
			);
			dependencies = (
				C7481C8525BBCF3A00B9CA55 /* PBXTargetDependency */,
			);
			name = CloudNotesTests;
			productName = CloudNotesTests;
			productReference = C7481C8325BBCF3A00B9CA55 /* CloudNotesTests.xctest */;
			productType = "com.apple.product-type.bundle.unit-test";
		};
		C7481C8D25BBCF3A00B9CA55 /* CloudNotesUITests */ = {
			isa = PBXNativeTarget;
			buildConfigurationList = C7481C9D25BBCF3A00B9CA55 /* Build configuration list for PBXNativeTarget "CloudNotesUITests" */;
			buildPhases = (
				C7481C8A25BBCF3A00B9CA55 /* Sources */,
				C7481C8B25BBCF3A00B9CA55 /* Frameworks */,
				C7481C8C25BBCF3A00B9CA55 /* Resources */,
			);
			buildRules = (
			);
			dependencies = (
				C7481C9025BBCF3A00B9CA55 /* PBXTargetDependency */,
			);
			name = CloudNotesUITests;
			productName = CloudNotesUITests;
			productReference = C7481C8E25BBCF3A00B9CA55 /* CloudNotesUITests.xctest */;
			productType = "com.apple.product-type.bundle.ui-testing";
		};
/* End PBXNativeTarget section */

/* Begin PBXProject section */
		C7481C6225BBCF3900B9CA55 /* Project object */ = {
			isa = PBXProject;
			attributes = {
				LastSwiftUpdateCheck = 1230;
				LastUpgradeCheck = 1230;
				TargetAttributes = {
					C7481C6925BBCF3900B9CA55 = {
						CreatedOnToolsVersion = 12.3;
					};
					C7481C8225BBCF3A00B9CA55 = {
						CreatedOnToolsVersion = 12.3;
						TestTargetID = C7481C6925BBCF3900B9CA55;
					};
					C7481C8D25BBCF3A00B9CA55 = {
						CreatedOnToolsVersion = 12.3;
						TestTargetID = C7481C6925BBCF3900B9CA55;
					};
				};
			};
			buildConfigurationList = C7481C6525BBCF3900B9CA55 /* Build configuration list for PBXProject "CloudNotes" */;
			compatibilityVersion = "Xcode 9.3";
			developmentRegion = en;
			hasScannedForEncodings = 0;
			knownRegions = (
				en,
				Base,
				ko,
			);
			mainGroup = C7481C6125BBCF3900B9CA55;
			productRefGroup = C7481C6B25BBCF3900B9CA55 /* Products */;
			projectDirPath = "";
			projectRoot = "";
			targets = (
				C7481C6925BBCF3900B9CA55 /* CloudNotes */,
				C7481C8225BBCF3A00B9CA55 /* CloudNotesTests */,
				C7481C8D25BBCF3A00B9CA55 /* CloudNotesUITests */,
			);
		};
/* End PBXProject section */

/* Begin PBXResourcesBuildPhase section */
		C7481C6825BBCF3900B9CA55 /* Resources */ = {
			isa = PBXResourcesBuildPhase;
			buildActionMask = 2147483647;
			files = (
				C7481C7D25BBCF3A00B9CA55 /* LaunchScreen.storyboard in Resources */,
				C7481C7A25BBCF3A00B9CA55 /* Assets.xcassets in Resources */,
			);
			runOnlyForDeploymentPostprocessing = 0;
		};
		C7481C8125BBCF3A00B9CA55 /* Resources */ = {
			isa = PBXResourcesBuildPhase;
			buildActionMask = 2147483647;
			files = (
			);
			runOnlyForDeploymentPostprocessing = 0;
		};
		C7481C8C25BBCF3A00B9CA55 /* Resources */ = {
			isa = PBXResourcesBuildPhase;
			buildActionMask = 2147483647;
			files = (
			);
			runOnlyForDeploymentPostprocessing = 0;
		};
/* End PBXResourcesBuildPhase section */

/* Begin PBXSourcesBuildPhase section */
		C7481C6625BBCF3900B9CA55 /* Sources */ = {
			isa = PBXSourcesBuildPhase;
			buildActionMask = 2147483647;
			files = (
				82EEF6F425DFBFF0001CD667 /* NoteString.swift in Sources */,
				8280AFD425DA6ED6004EA888 /* NoteTableViewController.swift in Sources */,
				4C0969FB25E7D78A0054DC33 /* EntityString.swift in Sources */,
				82EEF6EF25DFBDC8001CD667 /* ErrorCase.swift in Sources */,
				8280AFDC25DA893B004EA888 /* NoteTableViewCell.swift in Sources */,
				4C096A1225E8BB1B0054DC33 /* DataModel.swift in Sources */,
				82897EF925DB86B400433BA7 /* Extension.swift in Sources */,
				82EEF6DF25DF8E14001CD667 /* NoteSplitViewController.swift in Sources */,
				C7481C6E25BBCF3900B9CA55 /* AppDelegate.swift in Sources */,
				82EEF6E425DF9002001CD667 /* DetailViewController.swift in Sources */,
				C7481C7025BBCF3900B9CA55 /* SceneDelegate.swift in Sources */,
				C7481C7825BBCF3900B9CA55 /* CloudNotes.xcdatamodeld in Sources */,
			);
			runOnlyForDeploymentPostprocessing = 0;
		};
		C7481C7F25BBCF3A00B9CA55 /* Sources */ = {
			isa = PBXSourcesBuildPhase;
			buildActionMask = 2147483647;
			files = (
				C7481C8825BBCF3A00B9CA55 /* CloudNotesTests.swift in Sources */,
			);
			runOnlyForDeploymentPostprocessing = 0;
		};
		C7481C8A25BBCF3A00B9CA55 /* Sources */ = {
			isa = PBXSourcesBuildPhase;
			buildActionMask = 2147483647;
			files = (
				C7481C9325BBCF3A00B9CA55 /* CloudNotesUITests.swift in Sources */,
			);
			runOnlyForDeploymentPostprocessing = 0;
		};
/* End PBXSourcesBuildPhase section */

/* Begin PBXTargetDependency section */
		C7481C8525BBCF3A00B9CA55 /* PBXTargetDependency */ = {
			isa = PBXTargetDependency;
			target = C7481C6925BBCF3900B9CA55 /* CloudNotes */;
			targetProxy = C7481C8425BBCF3A00B9CA55 /* PBXContainerItemProxy */;
		};
		C7481C9025BBCF3A00B9CA55 /* PBXTargetDependency */ = {
			isa = PBXTargetDependency;
			target = C7481C6925BBCF3900B9CA55 /* CloudNotes */;
			targetProxy = C7481C8F25BBCF3A00B9CA55 /* PBXContainerItemProxy */;
		};
/* End PBXTargetDependency section */

/* Begin PBXVariantGroup section */
		C7481C7B25BBCF3A00B9CA55 /* LaunchScreen.storyboard */ = {
			isa = PBXVariantGroup;
			children = (
				C7481C7C25BBCF3A00B9CA55 /* Base */,
				4C096A1F25EA690B0054DC33 /* ko */,
			);
			name = LaunchScreen.storyboard;
			sourceTree = "<group>";
		};
/* End PBXVariantGroup section */

/* Begin XCBuildConfiguration section */
		C7481C9525BBCF3A00B9CA55 /* Debug */ = {
			isa = XCBuildConfiguration;
			buildSettings = {
				ALWAYS_SEARCH_USER_PATHS = NO;
				CLANG_ANALYZER_LOCALIZABILITY_NONLOCALIZED = YES;
				CLANG_ANALYZER_NONNULL = YES;
				CLANG_ANALYZER_NUMBER_OBJECT_CONVERSION = YES_AGGRESSIVE;
				CLANG_CXX_LANGUAGE_STANDARD = "gnu++14";
				CLANG_CXX_LIBRARY = "libc++";
				CLANG_ENABLE_MODULES = YES;
				CLANG_ENABLE_OBJC_ARC = YES;
				CLANG_ENABLE_OBJC_WEAK = YES;
				CLANG_WARN_BLOCK_CAPTURE_AUTORELEASING = YES;
				CLANG_WARN_BOOL_CONVERSION = YES;
				CLANG_WARN_COMMA = YES;
				CLANG_WARN_CONSTANT_CONVERSION = YES;
				CLANG_WARN_DEPRECATED_OBJC_IMPLEMENTATIONS = YES;
				CLANG_WARN_DIRECT_OBJC_ISA_USAGE = YES_ERROR;
				CLANG_WARN_DOCUMENTATION_COMMENTS = YES;
				CLANG_WARN_EMPTY_BODY = YES;
				CLANG_WARN_ENUM_CONVERSION = YES;
				CLANG_WARN_INFINITE_RECURSION = YES;
				CLANG_WARN_INT_CONVERSION = YES;
				CLANG_WARN_NON_LITERAL_NULL_CONVERSION = YES;
				CLANG_WARN_OBJC_IMPLICIT_RETAIN_SELF = YES;
				CLANG_WARN_OBJC_LITERAL_CONVERSION = YES;
				CLANG_WARN_OBJC_ROOT_CLASS = YES_ERROR;
				CLANG_WARN_QUOTED_INCLUDE_IN_FRAMEWORK_HEADER = YES;
				CLANG_WARN_RANGE_LOOP_ANALYSIS = YES;
				CLANG_WARN_STRICT_PROTOTYPES = YES;
				CLANG_WARN_SUSPICIOUS_MOVE = YES;
				CLANG_WARN_UNGUARDED_AVAILABILITY = YES_AGGRESSIVE;
				CLANG_WARN_UNREACHABLE_CODE = YES;
				CLANG_WARN__DUPLICATE_METHOD_MATCH = YES;
				COPY_PHASE_STRIP = NO;
				DEBUG_INFORMATION_FORMAT = dwarf;
				ENABLE_STRICT_OBJC_MSGSEND = YES;
				ENABLE_TESTABILITY = YES;
				GCC_C_LANGUAGE_STANDARD = gnu11;
				GCC_DYNAMIC_NO_PIC = NO;
				GCC_NO_COMMON_BLOCKS = YES;
				GCC_OPTIMIZATION_LEVEL = 0;
				GCC_PREPROCESSOR_DEFINITIONS = (
					"DEBUG=1",
					"$(inherited)",
				);
				GCC_WARN_64_TO_32_BIT_CONVERSION = YES;
				GCC_WARN_ABOUT_RETURN_TYPE = YES_ERROR;
				GCC_WARN_UNDECLARED_SELECTOR = YES;
				GCC_WARN_UNINITIALIZED_AUTOS = YES_AGGRESSIVE;
				GCC_WARN_UNUSED_FUNCTION = YES;
				GCC_WARN_UNUSED_VARIABLE = YES;
				IPHONEOS_DEPLOYMENT_TARGET = 14.3;
				MTL_ENABLE_DEBUG_INFO = INCLUDE_SOURCE;
				MTL_FAST_MATH = YES;
				ONLY_ACTIVE_ARCH = YES;
				SDKROOT = iphoneos;
				SWIFT_ACTIVE_COMPILATION_CONDITIONS = DEBUG;
				SWIFT_OPTIMIZATION_LEVEL = "-Onone";
			};
			name = Debug;
		};
		C7481C9625BBCF3A00B9CA55 /* Release */ = {
			isa = XCBuildConfiguration;
			buildSettings = {
				ALWAYS_SEARCH_USER_PATHS = NO;
				CLANG_ANALYZER_LOCALIZABILITY_NONLOCALIZED = YES;
				CLANG_ANALYZER_NONNULL = YES;
				CLANG_ANALYZER_NUMBER_OBJECT_CONVERSION = YES_AGGRESSIVE;
				CLANG_CXX_LANGUAGE_STANDARD = "gnu++14";
				CLANG_CXX_LIBRARY = "libc++";
				CLANG_ENABLE_MODULES = YES;
				CLANG_ENABLE_OBJC_ARC = YES;
				CLANG_ENABLE_OBJC_WEAK = YES;
				CLANG_WARN_BLOCK_CAPTURE_AUTORELEASING = YES;
				CLANG_WARN_BOOL_CONVERSION = YES;
				CLANG_WARN_COMMA = YES;
				CLANG_WARN_CONSTANT_CONVERSION = YES;
				CLANG_WARN_DEPRECATED_OBJC_IMPLEMENTATIONS = YES;
				CLANG_WARN_DIRECT_OBJC_ISA_USAGE = YES_ERROR;
				CLANG_WARN_DOCUMENTATION_COMMENTS = YES;
				CLANG_WARN_EMPTY_BODY = YES;
				CLANG_WARN_ENUM_CONVERSION = YES;
				CLANG_WARN_INFINITE_RECURSION = YES;
				CLANG_WARN_INT_CONVERSION = YES;
				CLANG_WARN_NON_LITERAL_NULL_CONVERSION = YES;
				CLANG_WARN_OBJC_IMPLICIT_RETAIN_SELF = YES;
				CLANG_WARN_OBJC_LITERAL_CONVERSION = YES;
				CLANG_WARN_OBJC_ROOT_CLASS = YES_ERROR;
				CLANG_WARN_QUOTED_INCLUDE_IN_FRAMEWORK_HEADER = YES;
				CLANG_WARN_RANGE_LOOP_ANALYSIS = YES;
				CLANG_WARN_STRICT_PROTOTYPES = YES;
				CLANG_WARN_SUSPICIOUS_MOVE = YES;
				CLANG_WARN_UNGUARDED_AVAILABILITY = YES_AGGRESSIVE;
				CLANG_WARN_UNREACHABLE_CODE = YES;
				CLANG_WARN__DUPLICATE_METHOD_MATCH = YES;
				COPY_PHASE_STRIP = NO;
				DEBUG_INFORMATION_FORMAT = "dwarf-with-dsym";
				ENABLE_NS_ASSERTIONS = NO;
				ENABLE_STRICT_OBJC_MSGSEND = YES;
				GCC_C_LANGUAGE_STANDARD = gnu11;
				GCC_NO_COMMON_BLOCKS = YES;
				GCC_WARN_64_TO_32_BIT_CONVERSION = YES;
				GCC_WARN_ABOUT_RETURN_TYPE = YES_ERROR;
				GCC_WARN_UNDECLARED_SELECTOR = YES;
				GCC_WARN_UNINITIALIZED_AUTOS = YES_AGGRESSIVE;
				GCC_WARN_UNUSED_FUNCTION = YES;
				GCC_WARN_UNUSED_VARIABLE = YES;
				IPHONEOS_DEPLOYMENT_TARGET = 14.3;
				MTL_ENABLE_DEBUG_INFO = NO;
				MTL_FAST_MATH = YES;
				SDKROOT = iphoneos;
				SWIFT_COMPILATION_MODE = wholemodule;
				SWIFT_OPTIMIZATION_LEVEL = "-O";
				VALIDATE_PRODUCT = YES;
			};
			name = Release;
		};
		C7481C9825BBCF3A00B9CA55 /* Debug */ = {
			isa = XCBuildConfiguration;
			buildSettings = {
				ASSETCATALOG_COMPILER_APPICON_NAME = AppIcon;
				ASSETCATALOG_COMPILER_GLOBAL_ACCENT_COLOR_NAME = AccentColor;
				CODE_SIGN_STYLE = Automatic;
				INFOPLIST_FILE = "CloudNotes/Supporting Files/Info.plist";
				LD_RUNPATH_SEARCH_PATHS = (
					"$(inherited)",
					"@executable_path/Frameworks",
				);
				PRODUCT_BUNDLE_IDENTIFIER = net.yagom.CloudNotes;
				PRODUCT_NAME = "$(TARGET_NAME)";
				SWIFT_VERSION = 5.0;
				TARGETED_DEVICE_FAMILY = "1,2";
			};
			name = Debug;
		};
		C7481C9925BBCF3A00B9CA55 /* Release */ = {
			isa = XCBuildConfiguration;
			buildSettings = {
				ASSETCATALOG_COMPILER_APPICON_NAME = AppIcon;
				ASSETCATALOG_COMPILER_GLOBAL_ACCENT_COLOR_NAME = AccentColor;
				CODE_SIGN_STYLE = Automatic;
				INFOPLIST_FILE = "CloudNotes/Supporting Files/Info.plist";
				LD_RUNPATH_SEARCH_PATHS = (
					"$(inherited)",
					"@executable_path/Frameworks",
				);
				PRODUCT_BUNDLE_IDENTIFIER = net.yagom.CloudNotes;
				PRODUCT_NAME = "$(TARGET_NAME)";
				SWIFT_VERSION = 5.0;
				TARGETED_DEVICE_FAMILY = "1,2";
			};
			name = Release;
		};
		C7481C9B25BBCF3A00B9CA55 /* Debug */ = {
			isa = XCBuildConfiguration;
			buildSettings = {
				ALWAYS_EMBED_SWIFT_STANDARD_LIBRARIES = YES;
				BUNDLE_LOADER = "$(TEST_HOST)";
				CODE_SIGN_STYLE = Automatic;
				INFOPLIST_FILE = CloudNotesTests/Info.plist;
				IPHONEOS_DEPLOYMENT_TARGET = 14.3;
				LD_RUNPATH_SEARCH_PATHS = (
					"$(inherited)",
					"@executable_path/Frameworks",
					"@loader_path/Frameworks",
				);
				PRODUCT_BUNDLE_IDENTIFIER = net.yagom.CloudNotesTests;
				PRODUCT_NAME = "$(TARGET_NAME)";
				SWIFT_VERSION = 5.0;
				TARGETED_DEVICE_FAMILY = "1,2";
				TEST_HOST = "$(BUILT_PRODUCTS_DIR)/CloudNotes.app/CloudNotes";
			};
			name = Debug;
		};
		C7481C9C25BBCF3A00B9CA55 /* Release */ = {
			isa = XCBuildConfiguration;
			buildSettings = {
				ALWAYS_EMBED_SWIFT_STANDARD_LIBRARIES = YES;
				BUNDLE_LOADER = "$(TEST_HOST)";
				CODE_SIGN_STYLE = Automatic;
				INFOPLIST_FILE = CloudNotesTests/Info.plist;
				IPHONEOS_DEPLOYMENT_TARGET = 14.3;
				LD_RUNPATH_SEARCH_PATHS = (
					"$(inherited)",
					"@executable_path/Frameworks",
					"@loader_path/Frameworks",
				);
				PRODUCT_BUNDLE_IDENTIFIER = net.yagom.CloudNotesTests;
				PRODUCT_NAME = "$(TARGET_NAME)";
				SWIFT_VERSION = 5.0;
				TARGETED_DEVICE_FAMILY = "1,2";
				TEST_HOST = "$(BUILT_PRODUCTS_DIR)/CloudNotes.app/CloudNotes";
			};
			name = Release;
		};
		C7481C9E25BBCF3A00B9CA55 /* Debug */ = {
			isa = XCBuildConfiguration;
			buildSettings = {
				ALWAYS_EMBED_SWIFT_STANDARD_LIBRARIES = YES;
				CODE_SIGN_STYLE = Automatic;
				INFOPLIST_FILE = CloudNotesUITests/Info.plist;
				LD_RUNPATH_SEARCH_PATHS = (
					"$(inherited)",
					"@executable_path/Frameworks",
					"@loader_path/Frameworks",
				);
				PRODUCT_BUNDLE_IDENTIFIER = net.yagom.CloudNotesUITests;
				PRODUCT_NAME = "$(TARGET_NAME)";
				SWIFT_VERSION = 5.0;
				TARGETED_DEVICE_FAMILY = "1,2";
				TEST_TARGET_NAME = CloudNotes;
			};
			name = Debug;
		};
		C7481C9F25BBCF3A00B9CA55 /* Release */ = {
			isa = XCBuildConfiguration;
			buildSettings = {
				ALWAYS_EMBED_SWIFT_STANDARD_LIBRARIES = YES;
				CODE_SIGN_STYLE = Automatic;
				INFOPLIST_FILE = CloudNotesUITests/Info.plist;
				LD_RUNPATH_SEARCH_PATHS = (
					"$(inherited)",
					"@executable_path/Frameworks",
					"@loader_path/Frameworks",
				);
				PRODUCT_BUNDLE_IDENTIFIER = net.yagom.CloudNotesUITests;
				PRODUCT_NAME = "$(TARGET_NAME)";
				SWIFT_VERSION = 5.0;
				TARGETED_DEVICE_FAMILY = "1,2";
				TEST_TARGET_NAME = CloudNotes;
			};
			name = Release;
		};
/* End XCBuildConfiguration section */

/* Begin XCConfigurationList section */
		C7481C6525BBCF3900B9CA55 /* Build configuration list for PBXProject "CloudNotes" */ = {
			isa = XCConfigurationList;
			buildConfigurations = (
				C7481C9525BBCF3A00B9CA55 /* Debug */,
				C7481C9625BBCF3A00B9CA55 /* Release */,
			);
			defaultConfigurationIsVisible = 0;
			defaultConfigurationName = Release;
		};
		C7481C9725BBCF3A00B9CA55 /* Build configuration list for PBXNativeTarget "CloudNotes" */ = {
			isa = XCConfigurationList;
			buildConfigurations = (
				C7481C9825BBCF3A00B9CA55 /* Debug */,
				C7481C9925BBCF3A00B9CA55 /* Release */,
			);
			defaultConfigurationIsVisible = 0;
			defaultConfigurationName = Release;
		};
		C7481C9A25BBCF3A00B9CA55 /* Build configuration list for PBXNativeTarget "CloudNotesTests" */ = {
			isa = XCConfigurationList;
			buildConfigurations = (
				C7481C9B25BBCF3A00B9CA55 /* Debug */,
				C7481C9C25BBCF3A00B9CA55 /* Release */,
			);
			defaultConfigurationIsVisible = 0;
			defaultConfigurationName = Release;
		};
		C7481C9D25BBCF3A00B9CA55 /* Build configuration list for PBXNativeTarget "CloudNotesUITests" */ = {
			isa = XCConfigurationList;
			buildConfigurations = (
				C7481C9E25BBCF3A00B9CA55 /* Debug */,
				C7481C9F25BBCF3A00B9CA55 /* Release */,
			);
			defaultConfigurationIsVisible = 0;
			defaultConfigurationName = Release;
		};
/* End XCConfigurationList section */

/* Begin XCVersionGroup section */
		C7481C7625BBCF3900B9CA55 /* CloudNotes.xcdatamodeld */ = {
			isa = XCVersionGroup;
			children = (
				C7481C7725BBCF3900B9CA55 /* CloudNotes.xcdatamodel */,
			);
			currentVersion = C7481C7725BBCF3900B9CA55 /* CloudNotes.xcdatamodel */;
			path = CloudNotes.xcdatamodeld;
			sourceTree = "<group>";
			versionGroupType = wrapper.xcdatamodel;
		};
/* End XCVersionGroup section */
	};
	rootObject = C7481C6225BBCF3900B9CA55 /* Project object */;
}
