// !$*UTF8*$!
{
	archiveVersion = 1;
	classes = {
	};
	objectVersion = 50;
	objects = {

/* Begin PBXBuildFile section */
		82EDDA26257E34FD00F710B3 /* DecimalCalculator.swift in Sources */ = {isa = PBXBuildFile; fileRef = 82EDDA25257E34FD00F710B3 /* DecimalCalculator.swift */; };
		82EDDA292583816800F710B3 /* Stack.swift in Sources */ = {isa = PBXBuildFile; fileRef = 82EDDA282583816800F710B3 /* Stack.swift */; };
		82EDDA2C2583831100F710B3 /* BinaryCalculator.swift in Sources */ = {isa = PBXBuildFile; fileRef = 82EDDA2B2583831100F710B3 /* BinaryCalculator.swift */; };
		82EDDA3B258463DC00F710B3 /* Constants.swift in Sources */ = {isa = PBXBuildFile; fileRef = 82EDDA3A258463DC00F710B3 /* Constants.swift */; };
		82EDDA412584993E00F710B3 /* Calculator.swift in Sources */ = {isa = PBXBuildFile; fileRef = 82EDDA402584993E00F710B3 /* Calculator.swift */; };
		82EDDA4425849DD700F710B3 /* OperatorType.swift in Sources */ = {isa = PBXBuildFile; fileRef = 82EDDA4325849DD700F710B3 /* OperatorType.swift */; };
		82EDDA4725849E0000F710B3 /* CalculatorMode.swift in Sources */ = {isa = PBXBuildFile; fileRef = 82EDDA4625849E0000F710B3 /* CalculatorMode.swift */; };
		C713D9422570E5EB001C3AFC /* AppDelegate.swift in Sources */ = {isa = PBXBuildFile; fileRef = C713D9412570E5EB001C3AFC /* AppDelegate.swift */; };
		C713D9442570E5EB001C3AFC /* SceneDelegate.swift in Sources */ = {isa = PBXBuildFile; fileRef = C713D9432570E5EB001C3AFC /* SceneDelegate.swift */; };
		C713D9462570E5EB001C3AFC /* ViewController.swift in Sources */ = {isa = PBXBuildFile; fileRef = C713D9452570E5EB001C3AFC /* ViewController.swift */; };
		C713D9492570E5EB001C3AFC /* Main.storyboard in Resources */ = {isa = PBXBuildFile; fileRef = C713D9472570E5EB001C3AFC /* Main.storyboard */; };
		C713D94B2570E5ED001C3AFC /* Assets.xcassets in Resources */ = {isa = PBXBuildFile; fileRef = C713D94A2570E5ED001C3AFC /* Assets.xcassets */; };
		C713D94E2570E5ED001C3AFC /* LaunchScreen.storyboard in Resources */ = {isa = PBXBuildFile; fileRef = C713D94C2570E5ED001C3AFC /* LaunchScreen.storyboard */; };
/* End PBXBuildFile section */

/* Begin PBXFileReference section */
		82EDDA25257E34FD00F710B3 /* DecimalCalculator.swift */ = {isa = PBXFileReference; lastKnownFileType = sourcecode.swift; path = DecimalCalculator.swift; sourceTree = "<group>"; };
		82EDDA282583816800F710B3 /* Stack.swift */ = {isa = PBXFileReference; lastKnownFileType = sourcecode.swift; path = Stack.swift; sourceTree = "<group>"; };
		82EDDA2B2583831100F710B3 /* BinaryCalculator.swift */ = {isa = PBXFileReference; lastKnownFileType = sourcecode.swift; path = BinaryCalculator.swift; sourceTree = "<group>"; };
		82EDDA3A258463DC00F710B3 /* Constants.swift */ = {isa = PBXFileReference; lastKnownFileType = sourcecode.swift; path = Constants.swift; sourceTree = "<group>"; };
		82EDDA402584993E00F710B3 /* Calculator.swift */ = {isa = PBXFileReference; lastKnownFileType = sourcecode.swift; path = Calculator.swift; sourceTree = "<group>"; };
		82EDDA4325849DD700F710B3 /* OperatorType.swift */ = {isa = PBXFileReference; lastKnownFileType = sourcecode.swift; path = OperatorType.swift; sourceTree = "<group>"; };
		82EDDA4625849E0000F710B3 /* CalculatorMode.swift */ = {isa = PBXFileReference; lastKnownFileType = sourcecode.swift; path = CalculatorMode.swift; sourceTree = "<group>"; };
		C713D93E2570E5EB001C3AFC /* Calculator.app */ = {isa = PBXFileReference; explicitFileType = wrapper.application; includeInIndex = 0; path = Calculator.app; sourceTree = BUILT_PRODUCTS_DIR; };
		C713D9412570E5EB001C3AFC /* AppDelegate.swift */ = {isa = PBXFileReference; lastKnownFileType = sourcecode.swift; path = AppDelegate.swift; sourceTree = "<group>"; };
		C713D9432570E5EB001C3AFC /* SceneDelegate.swift */ = {isa = PBXFileReference; lastKnownFileType = sourcecode.swift; path = SceneDelegate.swift; sourceTree = "<group>"; };
		C713D9452570E5EB001C3AFC /* ViewController.swift */ = {isa = PBXFileReference; lastKnownFileType = sourcecode.swift; path = ViewController.swift; sourceTree = "<group>"; };
		C713D9482570E5EB001C3AFC /* Base */ = {isa = PBXFileReference; lastKnownFileType = file.storyboard; name = Base; path = Base.lproj/Main.storyboard; sourceTree = "<group>"; };
		C713D94A2570E5ED001C3AFC /* Assets.xcassets */ = {isa = PBXFileReference; lastKnownFileType = folder.assetcatalog; path = Assets.xcassets; sourceTree = "<group>"; };
		C713D94D2570E5ED001C3AFC /* Base */ = {isa = PBXFileReference; lastKnownFileType = file.storyboard; name = Base; path = Base.lproj/LaunchScreen.storyboard; sourceTree = "<group>"; };
		C713D94F2570E5ED001C3AFC /* Info.plist */ = {isa = PBXFileReference; lastKnownFileType = text.plist.xml; path = Info.plist; sourceTree = "<group>"; };
/* End PBXFileReference section */

/* Begin PBXFrameworksBuildPhase section */
		C713D93B2570E5EB001C3AFC /* Frameworks */ = {
			isa = PBXFrameworksBuildPhase;
			buildActionMask = 2147483647;
			files = (
			);
			runOnlyForDeploymentPostprocessing = 0;
		};
/* End PBXFrameworksBuildPhase section */

/* Begin PBXGroup section */
		C713D9352570E5EB001C3AFC = {
			isa = PBXGroup;
			children = (
				C713D9402570E5EB001C3AFC /* Calculator */,
				C713D93F2570E5EB001C3AFC /* Products */,
			);
			sourceTree = "<group>";
		};
		C713D93F2570E5EB001C3AFC /* Products */ = {
			isa = PBXGroup;
			children = (
				C713D93E2570E5EB001C3AFC /* Calculator.app */,
			);
			name = Products;
			sourceTree = "<group>";
		};
		C713D9402570E5EB001C3AFC /* Calculator */ = {
			isa = PBXGroup;
			children = (
				C713D9412570E5EB001C3AFC /* AppDelegate.swift */,
				C713D9432570E5EB001C3AFC /* SceneDelegate.swift */,
				82EDDA4325849DD700F710B3 /* OperatorType.swift */,
				82EDDA4625849E0000F710B3 /* CalculatorMode.swift */,
				82EDDA25257E34FD00F710B3 /* DecimalCalculator.swift */,
				82EDDA402584993E00F710B3 /* Calculator.swift */,
				82EDDA2B2583831100F710B3 /* BinaryCalculator.swift */,
				82EDDA282583816800F710B3 /* Stack.swift */,
				82EDDA3A258463DC00F710B3 /* Constants.swift */,
				C713D9452570E5EB001C3AFC /* ViewController.swift */,
				C713D9472570E5EB001C3AFC /* Main.storyboard */,
				C713D94A2570E5ED001C3AFC /* Assets.xcassets */,
				C713D94C2570E5ED001C3AFC /* LaunchScreen.storyboard */,
				C713D94F2570E5ED001C3AFC /* Info.plist */,
			);
			path = Calculator;
			sourceTree = "<group>";
		};
/* End PBXGroup section */

/* Begin PBXNativeTarget section */
		C713D93D2570E5EB001C3AFC /* Calculator */ = {
			isa = PBXNativeTarget;
			buildConfigurationList = C713D9522570E5ED001C3AFC /* Build configuration list for PBXNativeTarget "Calculator" */;
			buildPhases = (
				C713D93A2570E5EB001C3AFC /* Sources */,
				C713D93B2570E5EB001C3AFC /* Frameworks */,
				C713D93C2570E5EB001C3AFC /* Resources */,
			);
			buildRules = (
			);
			dependencies = (
			);
			name = Calculator;
			productName = Calculator;
			productReference = C713D93E2570E5EB001C3AFC /* Calculator.app */;
			productType = "com.apple.product-type.application";
		};
/* End PBXNativeTarget section */

/* Begin PBXProject section */
		C713D9362570E5EB001C3AFC /* Project object */ = {
			isa = PBXProject;
			attributes = {
				LastSwiftUpdateCheck = 1210;
				LastUpgradeCheck = 1210;
				TargetAttributes = {
					C713D93D2570E5EB001C3AFC = {
						CreatedOnToolsVersion = 12.1;
					};
				};
			};
			buildConfigurationList = C713D9392570E5EB001C3AFC /* Build configuration list for PBXProject "Calculator" */;
			compatibilityVersion = "Xcode 9.3";
			developmentRegion = en;
			hasScannedForEncodings = 0;
			knownRegions = (
				en,
				Base,
			);
			mainGroup = C713D9352570E5EB001C3AFC;
			productRefGroup = C713D93F2570E5EB001C3AFC /* Products */;
			projectDirPath = "";
			projectRoot = "";
			targets = (
				C713D93D2570E5EB001C3AFC /* Calculator */,
			);
		};
/* End PBXProject section */

/* Begin PBXResourcesBuildPhase section */
		C713D93C2570E5EB001C3AFC /* Resources */ = {
			isa = PBXResourcesBuildPhase;
			buildActionMask = 2147483647;
			files = (
				C713D94E2570E5ED001C3AFC /* LaunchScreen.storyboard in Resources */,
				C713D94B2570E5ED001C3AFC /* Assets.xcassets in Resources */,
				C713D9492570E5EB001C3AFC /* Main.storyboard in Resources */,
			);
			runOnlyForDeploymentPostprocessing = 0;
		};
/* End PBXResourcesBuildPhase section */

/* Begin PBXSourcesBuildPhase section */
		C713D93A2570E5EB001C3AFC /* Sources */ = {
			isa = PBXSourcesBuildPhase;
			buildActionMask = 2147483647;
			files = (
				C713D9462570E5EB001C3AFC /* ViewController.swift in Sources */,
				82EDDA292583816800F710B3 /* Stack.swift in Sources */,
				82EDDA26257E34FD00F710B3 /* DecimalCalculator.swift in Sources */,
				82EDDA4725849E0000F710B3 /* CalculatorMode.swift in Sources */,
				C713D9422570E5EB001C3AFC /* AppDelegate.swift in Sources */,
				82EDDA412584993E00F710B3 /* Calculator.swift in Sources */,
				82EDDA3B258463DC00F710B3 /* Constants.swift in Sources */,
				82EDDA2C2583831100F710B3 /* BinaryCalculator.swift in Sources */,
				C713D9442570E5EB001C3AFC /* SceneDelegate.swift in Sources */,
				82EDDA4425849DD700F710B3 /* OperatorType.swift in Sources */,
			);
			runOnlyForDeploymentPostprocessing = 0;
		};
/* End PBXSourcesBuildPhase section */

/* Begin PBXVariantGroup section */
		C713D9472570E5EB001C3AFC /* Main.storyboard */ = {
			isa = PBXVariantGroup;
			children = (
				C713D9482570E5EB001C3AFC /* Base */,
			);
			name = Main.storyboard;
			sourceTree = "<group>";
		};
		C713D94C2570E5ED001C3AFC /* LaunchScreen.storyboard */ = {
			isa = PBXVariantGroup;
			children = (
				C713D94D2570E5ED001C3AFC /* Base */,
			);
			name = LaunchScreen.storyboard;
			sourceTree = "<group>";
		};
/* End PBXVariantGroup section */

/* Begin XCBuildConfiguration section */
		C713D9502570E5ED001C3AFC /* Debug */ = {
			isa = XCBuildConfiguration;
			buildSettings = {
				ALWAYS_SEARCH_USER_PATHS = NO;
				CLANG_ANALYZER_NONNULL = YES;
				CLANG_ANALYZER_NUMBER_OBJECT_CONVERSION = YES_AGGRESSIVE;
				CLANG_CXX_LANGUAGE_STANDARD = "gnu++14";
				CLANG_CXX_LIBRARY = "libc++";
				CLANG_ENABLE_MODULES = YES;
				CLANG_ENABLE_OBJC_ARC = YES;
				CLANG_ENABLE_OBJC_WEAK = YES;
				CLANG_WARN_BLOCK_CAPTURE_AUTORELEASING = YES;
				CLANG_WARN_BOOL_CONVERSION = YES;
				CLANG_WARN_COMMA = YES;
				CLANG_WARN_CONSTANT_CONVERSION = YES;
				CLANG_WARN_DEPRECATED_OBJC_IMPLEMENTATIONS = YES;
				CLANG_WARN_DIRECT_OBJC_ISA_USAGE = YES_ERROR;
				CLANG_WARN_DOCUMENTATION_COMMENTS = YES;
				CLANG_WARN_EMPTY_BODY = YES;
				CLANG_WARN_ENUM_CONVERSION = YES;
				CLANG_WARN_INFINITE_RECURSION = YES;
				CLANG_WARN_INT_CONVERSION = YES;
				CLANG_WARN_NON_LITERAL_NULL_CONVERSION = YES;
				CLANG_WARN_OBJC_IMPLICIT_RETAIN_SELF = YES;
				CLANG_WARN_OBJC_LITERAL_CONVERSION = YES;
				CLANG_WARN_OBJC_ROOT_CLASS = YES_ERROR;
				CLANG_WARN_QUOTED_INCLUDE_IN_FRAMEWORK_HEADER = YES;
				CLANG_WARN_RANGE_LOOP_ANALYSIS = YES;
				CLANG_WARN_STRICT_PROTOTYPES = YES;
				CLANG_WARN_SUSPICIOUS_MOVE = YES;
				CLANG_WARN_UNGUARDED_AVAILABILITY = YES_AGGRESSIVE;
				CLANG_WARN_UNREACHABLE_CODE = YES;
				CLANG_WARN__DUPLICATE_METHOD_MATCH = YES;
				COPY_PHASE_STRIP = NO;
				DEBUG_INFORMATION_FORMAT = dwarf;
				ENABLE_STRICT_OBJC_MSGSEND = YES;
				ENABLE_TESTABILITY = YES;
				GCC_C_LANGUAGE_STANDARD = gnu11;
				GCC_DYNAMIC_NO_PIC = NO;
				GCC_NO_COMMON_BLOCKS = YES;
				GCC_OPTIMIZATION_LEVEL = 0;
				GCC_PREPROCESSOR_DEFINITIONS = (
					"DEBUG=1",
					"$(inherited)",
				);
				GCC_WARN_64_TO_32_BIT_CONVERSION = YES;
				GCC_WARN_ABOUT_RETURN_TYPE = YES_ERROR;
				GCC_WARN_UNDECLARED_SELECTOR = YES;
				GCC_WARN_UNINITIALIZED_AUTOS = YES_AGGRESSIVE;
				GCC_WARN_UNUSED_FUNCTION = YES;
				GCC_WARN_UNUSED_VARIABLE = YES;
				IPHONEOS_DEPLOYMENT_TARGET = 14.1;
				MTL_ENABLE_DEBUG_INFO = INCLUDE_SOURCE;
				MTL_FAST_MATH = YES;
				ONLY_ACTIVE_ARCH = YES;
				SDKROOT = iphoneos;
				SWIFT_ACTIVE_COMPILATION_CONDITIONS = DEBUG;
				SWIFT_OPTIMIZATION_LEVEL = "-Onone";
			};
			name = Debug;
		};
		C713D9512570E5ED001C3AFC /* Release */ = {
			isa = XCBuildConfiguration;
			buildSettings = {
				ALWAYS_SEARCH_USER_PATHS = NO;
				CLANG_ANALYZER_NONNULL = YES;
				CLANG_ANALYZER_NUMBER_OBJECT_CONVERSION = YES_AGGRESSIVE;
				CLANG_CXX_LANGUAGE_STANDARD = "gnu++14";
				CLANG_CXX_LIBRARY = "libc++";
				CLANG_ENABLE_MODULES = YES;
				CLANG_ENABLE_OBJC_ARC = YES;
				CLANG_ENABLE_OBJC_WEAK = YES;
				CLANG_WARN_BLOCK_CAPTURE_AUTORELEASING = YES;
				CLANG_WARN_BOOL_CONVERSION = YES;
				CLANG_WARN_COMMA = YES;
				CLANG_WARN_CONSTANT_CONVERSION = YES;
				CLANG_WARN_DEPRECATED_OBJC_IMPLEMENTATIONS = YES;
				CLANG_WARN_DIRECT_OBJC_ISA_USAGE = YES_ERROR;
				CLANG_WARN_DOCUMENTATION_COMMENTS = YES;
				CLANG_WARN_EMPTY_BODY = YES;
				CLANG_WARN_ENUM_CONVERSION = YES;
				CLANG_WARN_INFINITE_RECURSION = YES;
				CLANG_WARN_INT_CONVERSION = YES;
				CLANG_WARN_NON_LITERAL_NULL_CONVERSION = YES;
				CLANG_WARN_OBJC_IMPLICIT_RETAIN_SELF = YES;
				CLANG_WARN_OBJC_LITERAL_CONVERSION = YES;
				CLANG_WARN_OBJC_ROOT_CLASS = YES_ERROR;
				CLANG_WARN_QUOTED_INCLUDE_IN_FRAMEWORK_HEADER = YES;
				CLANG_WARN_RANGE_LOOP_ANALYSIS = YES;
				CLANG_WARN_STRICT_PROTOTYPES = YES;
				CLANG_WARN_SUSPICIOUS_MOVE = YES;
				CLANG_WARN_UNGUARDED_AVAILABILITY = YES_AGGRESSIVE;
				CLANG_WARN_UNREACHABLE_CODE = YES;
				CLANG_WARN__DUPLICATE_METHOD_MATCH = YES;
				COPY_PHASE_STRIP = NO;
				DEBUG_INFORMATION_FORMAT = "dwarf-with-dsym";
				ENABLE_NS_ASSERTIONS = NO;
				ENABLE_STRICT_OBJC_MSGSEND = YES;
				GCC_C_LANGUAGE_STANDARD = gnu11;
				GCC_NO_COMMON_BLOCKS = YES;
				GCC_WARN_64_TO_32_BIT_CONVERSION = YES;
				GCC_WARN_ABOUT_RETURN_TYPE = YES_ERROR;
				GCC_WARN_UNDECLARED_SELECTOR = YES;
				GCC_WARN_UNINITIALIZED_AUTOS = YES_AGGRESSIVE;
				GCC_WARN_UNUSED_FUNCTION = YES;
				GCC_WARN_UNUSED_VARIABLE = YES;
				IPHONEOS_DEPLOYMENT_TARGET = 14.1;
				MTL_ENABLE_DEBUG_INFO = NO;
				MTL_FAST_MATH = YES;
				SDKROOT = iphoneos;
				SWIFT_COMPILATION_MODE = wholemodule;
				SWIFT_OPTIMIZATION_LEVEL = "-O";
				VALIDATE_PRODUCT = YES;
			};
			name = Release;
		};
		C713D9532570E5ED001C3AFC /* Debug */ = {
			isa = XCBuildConfiguration;
			buildSettings = {
				ASSETCATALOG_COMPILER_APPICON_NAME = AppIcon;
				ASSETCATALOG_COMPILER_GLOBAL_ACCENT_COLOR_NAME = AccentColor;
				CODE_SIGN_STYLE = Automatic;
				INFOPLIST_FILE = Calculator/Info.plist;
				LD_RUNPATH_SEARCH_PATHS = (
					"$(inherited)",
					"@executable_path/Frameworks",
				);
				PRODUCT_BUNDLE_IDENTIFIER = net.yagom.Calculator;
				PRODUCT_NAME = "$(TARGET_NAME)";
				SWIFT_VERSION = 5.0;
				TARGETED_DEVICE_FAMILY = "1,2";
			};
			name = Debug;
		};
		C713D9542570E5ED001C3AFC /* Release */ = {
			isa = XCBuildConfiguration;
			buildSettings = {
				ASSETCATALOG_COMPILER_APPICON_NAME = AppIcon;
				ASSETCATALOG_COMPILER_GLOBAL_ACCENT_COLOR_NAME = AccentColor;
				CODE_SIGN_STYLE = Automatic;
				INFOPLIST_FILE = Calculator/Info.plist;
				LD_RUNPATH_SEARCH_PATHS = (
					"$(inherited)",
					"@executable_path/Frameworks",
				);
				PRODUCT_BUNDLE_IDENTIFIER = net.yagom.Calculator;
				PRODUCT_NAME = "$(TARGET_NAME)";
				SWIFT_VERSION = 5.0;
				TARGETED_DEVICE_FAMILY = "1,2";
			};
			name = Release;
		};
/* End XCBuildConfiguration section */

/* Begin XCConfigurationList section */
		C713D9392570E5EB001C3AFC /* Build configuration list for PBXProject "Calculator" */ = {
			isa = XCConfigurationList;
			buildConfigurations = (
				C713D9502570E5ED001C3AFC /* Debug */,
				C713D9512570E5ED001C3AFC /* Release */,
			);
			defaultConfigurationIsVisible = 0;
			defaultConfigurationName = Release;
		};
		C713D9522570E5ED001C3AFC /* Build configuration list for PBXNativeTarget "Calculator" */ = {
			isa = XCConfigurationList;
			buildConfigurations = (
				C713D9532570E5ED001C3AFC /* Debug */,
				C713D9542570E5ED001C3AFC /* Release */,
			);
			defaultConfigurationIsVisible = 0;
			defaultConfigurationName = Release;
		};
/* End XCConfigurationList section */
	};
	rootObject = C713D9362570E5EB001C3AFC /* Project object */;
}
